
Microsoft Visual Studio Solution File, Format Version 12.00
# Visual Studio Version 17
VisualStudioVersion = 17.5.33530.505
MinimumVisualStudioVersion = 10.0.40219.1
Project("{2150E333-8FDC-42A3-9474-1A3956D46DE8}") = "Services", "Services", "{EDBBCF25-BF8F-4284-9623-42980295C8FA}"
EndProject
Project("{2150E333-8FDC-42A3-9474-1A3956D46DE8}") = "Lib", "Lib", "{16693784-7251-42F1-93AD-A76EE8EFA464}"
EndProject
Project("{9A19103F-16F7-4668-BE54-9A1E7A4F7556}") = "Service.Lib", "Library\Service.Lib\Service.Lib.csproj", "{CD419029-495C-41FF-9C8D-0CC3A93AC72D}"
EndProject
Project("{E53339B2-1760-4266-BCC7-CA923CBCF16C}") = "docker-compose", "docker-compose.dcproj", "{D416DD6B-B447-4274-915E-4B0C8C15EF76}"
EndProject
Project("{2150E333-8FDC-42A3-9474-1A3956D46DE8}") = "Authorization", "Authorization", "{DF089BDD-418A-4947-8B77-C7B2D4A6F0FC}"
EndProject
Project("{9A19103F-16F7-4668-BE54-9A1E7A4F7556}") = "Authorize", "Authorize\Authorize\Authorize.csproj", "{8A5C92FB-2BF9-4B75-A935-B4F8086F90A4}"
EndProject
Project("{2150E333-8FDC-42A3-9474-1A3956D46DE8}") = "Account", "Account", "{02EA681E-C7D8-13C7-8484-4AC65E1B71E8}"
EndProject
Project("{2150E333-8FDC-42A3-9474-1A3956D46DE8}") = "Guild", "Guild", "{19AFB392-FF97-4476-8922-95CD1F2FEE68}"
EndProject
Project("{FAE04EC0-301F-11D3-BF4B-00C04F79EFBC}") = "Guild.API", "Services\Guild\Guild.API\Guild.API.csproj", "{618F7481-1172-441A-83DD-B92AD06EA545}"
EndProject
Project("{FAE04EC0-301F-11D3-BF4B-00C04F79EFBC}") = "Guild.Application", "Services\Guild\Guild.Application\Guild.Application.csproj", "{20C002D9-69AD-42B7-9F02-223D38A83B7E}"
EndProject
Project("{FAE04EC0-301F-11D3-BF4B-00C04F79EFBC}") = "Guild.Domain", "Services\Guild\Guild.Domain\Guild.Domain.csproj", "{52065A36-C8E5-44A1-B7B7-ABDD58094C19}"
EndProject
Project("{FAE04EC0-301F-11D3-BF4B-00C04F79EFBC}") = "Guild.Infrastructure", "Services\Guild\Guild.Infrastructure\Guild.Infrastructure.csproj", "{FEE95641-ED4C-427D-9C2C-97A0A1C1B09D}"
EndProject
Project("{FAE04EC0-301F-11D3-BF4B-00C04F79EFBC}") = "Guild.Shared", "Services\Guild\Guild.Shared\Guild.Shared.csproj", "{D70C4E79-5A63-4025-86A6-C5C43DDC7BA3}"
EndProject
Project("{2150E333-8FDC-42A3-9474-1A3956D46DE8}") = "Channel", "Channel", "{2D176CAF-30F7-4586-8220-D0B0B1E4AB6B}"
EndProject
Project("{FAE04EC0-301F-11D3-BF4B-00C04F79EFBC}") = "Channel.API", "Services\Channel\Channel.API\Channel.API.csproj", "{713F457C-077C-4DDA-BDA1-93B8D5081AC3}"
EndProject
Project("{FAE04EC0-301F-11D3-BF4B-00C04F79EFBC}") = "Channel.Application", "Services\Channel\Channel.Application\Channel.Application.csproj", "{6EFD2AD8-A6A5-4CD2-BE9C-44BC8E6FA87A}"
EndProject
Project("{FAE04EC0-301F-11D3-BF4B-00C04F79EFBC}") = "Channel.Domain", "Services\Channel\Channel.Domain\Channel.Domain.csproj", "{93783377-3C81-4F35-A960-7E84A6ECFAC4}"
EndProject
Project("{FAE04EC0-301F-11D3-BF4B-00C04F79EFBC}") = "Channel.Infrastructure", "Services\Channel\Channel.Infrastructure\Channel.Infrastructure.csproj", "{D8ABF890-7B08-43BA-8629-7C582CD38756}"
EndProject
Project("{FAE04EC0-301F-11D3-BF4B-00C04F79EFBC}") = "Channel.Shared", "Services\Channel\Channel.Shared\Channel.Shared.csproj", "{063BE747-5A1C-47D2-85A3-C6AFA93E6E40}"
EndProject
Project("{2150E333-8FDC-42A3-9474-1A3956D46DE8}") = "Message", "Message", "{FF458B80-9CF8-4FE0-B717-6C6CC3F074C8}"
EndProject
Project("{FAE04EC0-301F-11D3-BF4B-00C04F79EFBC}") = "Message.API", "Services\Message\Message.API\Message.API.csproj", "{89F8B0A6-A52B-4997-839B-E4D966684766}"
EndProject
Project("{FAE04EC0-301F-11D3-BF4B-00C04F79EFBC}") = "Message.Application", "Services\Message\Message.Application\Message.Application.csproj", "{2B3AD9AE-5E41-4472-BB73-3D1F39C3F453}"
EndProject
Project("{FAE04EC0-301F-11D3-BF4B-00C04F79EFBC}") = "Message.Domain", "Services\Message\Message.Domain\Message.Domain.csproj", "{2C122432-E99A-4D46-847A-C351F06EE106}"
EndProject
Project("{FAE04EC0-301F-11D3-BF4B-00C04F79EFBC}") = "Message.Infrastructure", "Services\Message\Message.Infrastructure\Message.Infrastructure.csproj", "{D094572D-0DA2-4C3B-9FAC-B811357A0979}"
EndProject
Project("{FAE04EC0-301F-11D3-BF4B-00C04F79EFBC}") = "Message.Shared", "Services\Message\Message.Shared\Message.Shared.csproj", "{06C5D224-FFCB-4750-8F78-7921300939CD}"
EndProject
Project("{2150E333-8FDC-42A3-9474-1A3956D46DE8}") = "DirectMessage", "DirectMessage", "{F486DB92-7744-40AE-862F-DC30456593D3}"
EndProject
Project("{FAE04EC0-301F-11D3-BF4B-00C04F79EFBC}") = "DirectMessage.API", "Services\DirectMessage\DirectMessage.API\DirectMessage.API.csproj", "{A0AF7CB6-9C96-4142-9751-9A7EE807B1E6}"
EndProject
Project("{FAE04EC0-301F-11D3-BF4B-00C04F79EFBC}") = "DirectMessage.Application", "Services\DirectMessage\DirectMessage.Application\DirectMessage.Application.csproj", "{4A52B903-E634-484B-89BE-6DAEAC6429BC}"
EndProject
Project("{FAE04EC0-301F-11D3-BF4B-00C04F79EFBC}") = "DirectMessage.Domain", "Services\DirectMessage\DirectMessage.Domain\DirectMessage.Domain.csproj", "{E1A09846-4D97-4F9D-B633-7841A9D33CE0}"
EndProject
Project("{FAE04EC0-301F-11D3-BF4B-00C04F79EFBC}") = "DirectMessage.Infrastructure", "Services\DirectMessage\DirectMessage.Infrastructure\DirectMessage.Infrastructure.csproj", "{98093B19-CAC2-48AC-AD00-AE244787D200}"
EndProject
Project("{FAE04EC0-301F-11D3-BF4B-00C04F79EFBC}") = "DirectMessage.Shared", "Services\DirectMessage\DirectMessage.Shared\DirectMessage.Shared.csproj", "{AF1CD852-E012-4036-B154-A8ABBA1F149A}"
EndProject
Project("{2150E333-8FDC-42A3-9474-1A3956D46DE8}") = "Notification", "Notification", "{8966DC37-979E-4244-BFB1-C9FE1142D7B8}"
EndProject
Project("{FAE04EC0-301F-11D3-BF4B-00C04F79EFBC}") = "Notification.API", "Services\Notification\Notification.API\Notification.API.csproj", "{A806EE8A-2E27-4300-8E5F-00DE57357F72}"
EndProject
Project("{FAE04EC0-301F-11D3-BF4B-00C04F79EFBC}") = "Notification.Application", "Services\Notification\Notification.Application\Notification.Application.csproj", "{74A5AE34-981D-47FC-B8D7-714ADCC960A4}"
EndProject
Project("{FAE04EC0-301F-11D3-BF4B-00C04F79EFBC}") = "Notification.Domain", "Services\Notification\Notification.Domain\Notification.Domain.csproj", "{1656AA68-7F83-4938-B44B-1A9FDE254BB0}"
EndProject
Project("{FAE04EC0-301F-11D3-BF4B-00C04F79EFBC}") = "Notification.Infrastructure", "Services\Notification\Notification.Infrastructure\Notification.Infrastructure.csproj", "{92A5A3AC-C18C-48F0-9D5A-C6959752DBD7}"
EndProject
Project("{FAE04EC0-301F-11D3-BF4B-00C04F79EFBC}") = "Notification.Shared", "Services\Notification\Notification.Shared\Notification.Shared.csproj", "{23544E3F-9595-48ED-9D6A-5473B945060C}"
EndProject
Project("{2150E333-8FDC-42A3-9474-1A3956D46DE8}") = "Media", "Media", "{2E19D43A-0399-4B23-963B-C53EA6440D66}"
EndProject
Project("{FAE04EC0-301F-11D3-BF4B-00C04F79EFBC}") = "Media.API", "Services\Media\Media.API\Media.API.csproj", "{8D607270-E122-4F50-B97A-4736C96002E2}"
EndProject
Project("{FAE04EC0-301F-11D3-BF4B-00C04F79EFBC}") = "Media.Application", "Services\Media\Media.Application\Media.Application.csproj", "{9866C596-7C65-4910-9FBA-C1894131FAD7}"
EndProject
Project("{FAE04EC0-301F-11D3-BF4B-00C04F79EFBC}") = "Media.Domain", "Services\Media\Media.Domain\Media.Domain.csproj", "{7A37CD13-8A09-43FC-950A-7073B1AF634D}"
EndProject
Project("{FAE04EC0-301F-11D3-BF4B-00C04F79EFBC}") = "Media.Infrastructure", "Services\Media\Media.Infrastructure\Media.Infrastructure.csproj", "{DE7F7A92-8870-488E-8498-99128F6A66DB}"
EndProject
Project("{FAE04EC0-301F-11D3-BF4B-00C04F79EFBC}") = "Media.Shared", "Services\Media\Media.Shared\Media.Shared.csproj", "{708C028A-EF9D-4EC5-98F8-479E48B31B74}"
EndProject
Project("{2150E333-8FDC-42A3-9474-1A3956D46DE8}") = "WebSocketGateway", "WebSocketGateway", "{9F6157B1-4D7A-4111-B080-7016C78E4AB4}"
EndProject
Project("{FAE04EC0-301F-11D3-BF4B-00C04F79EFBC}") = "WebSocketGateway.API", "Services\WebSocketGateway\WebSocketGateway.API\WebSocketGateway.API.csproj", "{24C9BCDE-56AE-45D8-BE31-BAD8168B57FA}"
EndProject
Project("{FAE04EC0-301F-11D3-BF4B-00C04F79EFBC}") = "WebSocketGateway.Application", "Services\WebSocketGateway\WebSocketGateway.Application\WebSocketGateway.Application.csproj", "{BF3DD273-F395-4C83-ABF3-DB821092752D}"
EndProject
Project("{FAE04EC0-301F-11D3-BF4B-00C04F79EFBC}") = "WebSocketGateway.Domain", "Services\WebSocketGateway\WebSocketGateway.Domain\WebSocketGateway.Domain.csproj", "{0C80C5DB-C983-45DF-A9E0-50B463F683ED}"
EndProject
Project("{FAE04EC0-301F-11D3-BF4B-00C04F79EFBC}") = "WebSocketGateway.Infrastructure", "Services\WebSocketGateway\WebSocketGateway.Infrastructure\WebSocketGateway.Infrastructure.csproj", "{B2DF0913-93F3-4996-BB12-061CBEC2E988}"
EndProject
Project("{FAE04EC0-301F-11D3-BF4B-00C04F79EFBC}") = "WebSocketGateway.Shared", "Services\WebSocketGateway\WebSocketGateway.Shared\WebSocketGateway.Shared.csproj", "{5BC82BF6-781E-4099-84A5-0BE9BB786F6C}"
EndProject
Project("{FAE04EC0-301F-11D3-BF4B-00C04F79EFBC}") = "Account.API", "Services\Account\Account.API\Account.API.csproj", "{78CDBBE8-D668-3640-5389-A0FE00F94F27}"
EndProject
Project("{FAE04EC0-301F-11D3-BF4B-00C04F79EFBC}") = "Account.Application", "Services\Account\Account.Application\Account.Application.csproj", "{D19006D3-043E-C66D-9A0E-D8F4B94CBBDD}"
EndProject
Project("{FAE04EC0-301F-11D3-BF4B-00C04F79EFBC}") = "Account.Domain", "Services\Account\Account.Domain\Account.Domain.csproj", "{B628A57B-0091-F647-40E0-C488D421C705}"
EndProject
Project("{FAE04EC0-301F-11D3-BF4B-00C04F79EFBC}") = "Account.Infrastructure", "Services\Account\Account.Infrastructure\Account.Infrastructure.csproj", "{0EFF7E8B-8904-83FE-BE37-AB1560B69186}"
EndProject
Project("{FAE04EC0-301F-11D3-BF4B-00C04F79EFBC}") = "Account.Tests", "Services\Account\Account.Tests\Account.Tests.csproj", "{3890FA46-198D-07D5-BA67-6DFEBEE405DF}"
EndProject
Project("{2150E333-8FDC-42A3-9474-1A3956D46DE8}") = "Presence", "Presence", "{D3E61025-16E2-41D9-9414-B65CD2790FF0}"
EndProject
Project("{FAE04EC0-301F-11D3-BF4B-00C04F79EFBC}") = "Presence", "Services\Presence\Presence\Presence.csproj", "{FD27419C-AF82-4838-811C-E525ADA6DC17}"
EndProject
Project("{FAE04EC0-301F-11D3-BF4B-00C04F79EFBC}") = "Authorize.Domain", "Authorize\Authorize.Domain\Authorize.Domain.csproj", "{3AD22868-969E-4F02-A1E7-F0C8B2118710}"
EndProject
Project("{FAE04EC0-301F-11D3-BF4B-00C04F79EFBC}") = "Authorize.Application", "Authorize\Authorize.Application\Authorize.Application.csproj", "{F3BFB0A6-5586-08B8-EC87-9EDC37387D73}"
EndProject
Project("{FAE04EC0-301F-11D3-BF4B-00C04F79EFBC}") = "Authorize.Infrastructure", "Authorize\Authorize.Infrastructure\Authorize.Infrastructure.csproj", "{F1B3335E-11BB-417C-BDB9-DD77907CD71D}"
EndProject
Global
	GlobalSection(SolutionConfigurationPlatforms) = preSolution
		Debug|Any CPU = Debug|Any CPU
		Release|Any CPU = Release|Any CPU
	EndGlobalSection
	GlobalSection(ProjectConfigurationPlatforms) = postSolution
		{CD419029-495C-41FF-9C8D-0CC3A93AC72D}.Debug|Any CPU.ActiveCfg = Debug|Any CPU
		{CD419029-495C-41FF-9C8D-0CC3A93AC72D}.Debug|Any CPU.Build.0 = Debug|Any CPU
		{CD419029-495C-41FF-9C8D-0CC3A93AC72D}.Release|Any CPU.ActiveCfg = Release|Any CPU
		{CD419029-495C-41FF-9C8D-0CC3A93AC72D}.Release|Any CPU.Build.0 = Release|Any CPU
		{D416DD6B-B447-4274-915E-4B0C8C15EF76}.Debug|Any CPU.ActiveCfg = Debug|Any CPU
		{D416DD6B-B447-4274-915E-4B0C8C15EF76}.Debug|Any CPU.Build.0 = Debug|Any CPU
		{D416DD6B-B447-4274-915E-4B0C8C15EF76}.Release|Any CPU.ActiveCfg = Release|Any CPU
		{D416DD6B-B447-4274-915E-4B0C8C15EF76}.Release|Any CPU.Build.0 = Release|Any CPU
		{8A5C92FB-2BF9-4B75-A935-B4F8086F90A4}.Debug|Any CPU.ActiveCfg = Debug|Any CPU
		{8A5C92FB-2BF9-4B75-A935-B4F8086F90A4}.Debug|Any CPU.Build.0 = Debug|Any CPU
		{8A5C92FB-2BF9-4B75-A935-B4F8086F90A4}.Release|Any CPU.ActiveCfg = Release|Any CPU
		{8A5C92FB-2BF9-4B75-A935-B4F8086F90A4}.Release|Any CPU.Build.0 = Release|Any CPU
		{618F7481-1172-441A-83DD-B92AD06EA545}.Debug|Any CPU.ActiveCfg = Debug|Any CPU
		{618F7481-1172-441A-83DD-B92AD06EA545}.Debug|Any CPU.Build.0 = Debug|Any CPU
		{618F7481-1172-441A-83DD-B92AD06EA545}.Release|Any CPU.ActiveCfg = Release|Any CPU
		{618F7481-1172-441A-83DD-B92AD06EA545}.Release|Any CPU.Build.0 = Release|Any CPU
		{20C002D9-69AD-42B7-9F02-223D38A83B7E}.Debug|Any CPU.ActiveCfg = Debug|Any CPU
		{20C002D9-69AD-42B7-9F02-223D38A83B7E}.Debug|Any CPU.Build.0 = Debug|Any CPU
		{20C002D9-69AD-42B7-9F02-223D38A83B7E}.Release|Any CPU.ActiveCfg = Release|Any CPU
		{20C002D9-69AD-42B7-9F02-223D38A83B7E}.Release|Any CPU.Build.0 = Release|Any CPU
		{52065A36-C8E5-44A1-B7B7-ABDD58094C19}.Debug|Any CPU.ActiveCfg = Debug|Any CPU
		{52065A36-C8E5-44A1-B7B7-ABDD58094C19}.Debug|Any CPU.Build.0 = Debug|Any CPU
		{52065A36-C8E5-44A1-B7B7-ABDD58094C19}.Release|Any CPU.ActiveCfg = Release|Any CPU
		{52065A36-C8E5-44A1-B7B7-ABDD58094C19}.Release|Any CPU.Build.0 = Release|Any CPU
		{FEE95641-ED4C-427D-9C2C-97A0A1C1B09D}.Debug|Any CPU.ActiveCfg = Debug|Any CPU
		{FEE95641-ED4C-427D-9C2C-97A0A1C1B09D}.Debug|Any CPU.Build.0 = Debug|Any CPU
		{FEE95641-ED4C-427D-9C2C-97A0A1C1B09D}.Release|Any CPU.ActiveCfg = Release|Any CPU
		{FEE95641-ED4C-427D-9C2C-97A0A1C1B09D}.Release|Any CPU.Build.0 = Release|Any CPU
		{D70C4E79-5A63-4025-86A6-C5C43DDC7BA3}.Debug|Any CPU.ActiveCfg = Debug|Any CPU
		{D70C4E79-5A63-4025-86A6-C5C43DDC7BA3}.Debug|Any CPU.Build.0 = Debug|Any CPU
		{D70C4E79-5A63-4025-86A6-C5C43DDC7BA3}.Release|Any CPU.ActiveCfg = Release|Any CPU
		{D70C4E79-5A63-4025-86A6-C5C43DDC7BA3}.Release|Any CPU.Build.0 = Release|Any CPU
		{713F457C-077C-4DDA-BDA1-93B8D5081AC3}.Debug|Any CPU.ActiveCfg = Debug|Any CPU
		{713F457C-077C-4DDA-BDA1-93B8D5081AC3}.Debug|Any CPU.Build.0 = Debug|Any CPU
		{713F457C-077C-4DDA-BDA1-93B8D5081AC3}.Release|Any CPU.ActiveCfg = Release|Any CPU
		{713F457C-077C-4DDA-BDA1-93B8D5081AC3}.Release|Any CPU.Build.0 = Release|Any CPU
		{6EFD2AD8-A6A5-4CD2-BE9C-44BC8E6FA87A}.Debug|Any CPU.ActiveCfg = Debug|Any CPU
		{6EFD2AD8-A6A5-4CD2-BE9C-44BC8E6FA87A}.Debug|Any CPU.Build.0 = Debug|Any CPU
		{6EFD2AD8-A6A5-4CD2-BE9C-44BC8E6FA87A}.Release|Any CPU.ActiveCfg = Release|Any CPU
		{6EFD2AD8-A6A5-4CD2-BE9C-44BC8E6FA87A}.Release|Any CPU.Build.0 = Release|Any CPU
		{93783377-3C81-4F35-A960-7E84A6ECFAC4}.Debug|Any CPU.ActiveCfg = Debug|Any CPU
		{93783377-3C81-4F35-A960-7E84A6ECFAC4}.Debug|Any CPU.Build.0 = Debug|Any CPU
		{93783377-3C81-4F35-A960-7E84A6ECFAC4}.Release|Any CPU.ActiveCfg = Release|Any CPU
		{93783377-3C81-4F35-A960-7E84A6ECFAC4}.Release|Any CPU.Build.0 = Release|Any CPU
		{D8ABF890-7B08-43BA-8629-7C582CD38756}.Debug|Any CPU.ActiveCfg = Debug|Any CPU
		{D8ABF890-7B08-43BA-8629-7C582CD38756}.Debug|Any CPU.Build.0 = Debug|Any CPU
		{D8ABF890-7B08-43BA-8629-7C582CD38756}.Release|Any CPU.ActiveCfg = Release|Any CPU
		{D8ABF890-7B08-43BA-8629-7C582CD38756}.Release|Any CPU.Build.0 = Release|Any CPU
		{063BE747-5A1C-47D2-85A3-C6AFA93E6E40}.Debug|Any CPU.ActiveCfg = Debug|Any CPU
		{063BE747-5A1C-47D2-85A3-C6AFA93E6E40}.Debug|Any CPU.Build.0 = Debug|Any CPU
		{063BE747-5A1C-47D2-85A3-C6AFA93E6E40}.Release|Any CPU.ActiveCfg = Release|Any CPU
		{063BE747-5A1C-47D2-85A3-C6AFA93E6E40}.Release|Any CPU.Build.0 = Release|Any CPU
		{89F8B0A6-A52B-4997-839B-E4D966684766}.Debug|Any CPU.ActiveCfg = Debug|Any CPU
		{89F8B0A6-A52B-4997-839B-E4D966684766}.Debug|Any CPU.Build.0 = Debug|Any CPU
		{89F8B0A6-A52B-4997-839B-E4D966684766}.Release|Any CPU.ActiveCfg = Release|Any CPU
		{89F8B0A6-A52B-4997-839B-E4D966684766}.Release|Any CPU.Build.0 = Release|Any CPU
		{2B3AD9AE-5E41-4472-BB73-3D1F39C3F453}.Debug|Any CPU.ActiveCfg = Debug|Any CPU
		{2B3AD9AE-5E41-4472-BB73-3D1F39C3F453}.Debug|Any CPU.Build.0 = Debug|Any CPU
		{2B3AD9AE-5E41-4472-BB73-3D1F39C3F453}.Release|Any CPU.ActiveCfg = Release|Any CPU
		{2B3AD9AE-5E41-4472-BB73-3D1F39C3F453}.Release|Any CPU.Build.0 = Release|Any CPU
		{2C122432-E99A-4D46-847A-C351F06EE106}.Debug|Any CPU.ActiveCfg = Debug|Any CPU
		{2C122432-E99A-4D46-847A-C351F06EE106}.Debug|Any CPU.Build.0 = Debug|Any CPU
		{2C122432-E99A-4D46-847A-C351F06EE106}.Release|Any CPU.ActiveCfg = Release|Any CPU
		{2C122432-E99A-4D46-847A-C351F06EE106}.Release|Any CPU.Build.0 = Release|Any CPU
		{D094572D-0DA2-4C3B-9FAC-B811357A0979}.Debug|Any CPU.ActiveCfg = Debug|Any CPU
		{D094572D-0DA2-4C3B-9FAC-B811357A0979}.Debug|Any CPU.Build.0 = Debug|Any CPU
		{D094572D-0DA2-4C3B-9FAC-B811357A0979}.Release|Any CPU.ActiveCfg = Release|Any CPU
		{D094572D-0DA2-4C3B-9FAC-B811357A0979}.Release|Any CPU.Build.0 = Release|Any CPU
		{06C5D224-FFCB-4750-8F78-7921300939CD}.Debug|Any CPU.ActiveCfg = Debug|Any CPU
		{06C5D224-FFCB-4750-8F78-7921300939CD}.Debug|Any CPU.Build.0 = Debug|Any CPU
		{06C5D224-FFCB-4750-8F78-7921300939CD}.Release|Any CPU.ActiveCfg = Release|Any CPU
		{06C5D224-FFCB-4750-8F78-7921300939CD}.Release|Any CPU.Build.0 = Release|Any CPU
		{A0AF7CB6-9C96-4142-9751-9A7EE807B1E6}.Debug|Any CPU.ActiveCfg = Debug|Any CPU
		{A0AF7CB6-9C96-4142-9751-9A7EE807B1E6}.Debug|Any CPU.Build.0 = Debug|Any CPU
		{A0AF7CB6-9C96-4142-9751-9A7EE807B1E6}.Release|Any CPU.ActiveCfg = Release|Any CPU
		{A0AF7CB6-9C96-4142-9751-9A7EE807B1E6}.Release|Any CPU.Build.0 = Release|Any CPU
		{4A52B903-E634-484B-89BE-6DAEAC6429BC}.Debug|Any CPU.ActiveCfg = Debug|Any CPU
		{4A52B903-E634-484B-89BE-6DAEAC6429BC}.Debug|Any CPU.Build.0 = Debug|Any CPU
		{4A52B903-E634-484B-89BE-6DAEAC6429BC}.Release|Any CPU.ActiveCfg = Release|Any CPU
		{4A52B903-E634-484B-89BE-6DAEAC6429BC}.Release|Any CPU.Build.0 = Release|Any CPU
		{E1A09846-4D97-4F9D-B633-7841A9D33CE0}.Debug|Any CPU.ActiveCfg = Debug|Any CPU
		{E1A09846-4D97-4F9D-B633-7841A9D33CE0}.Debug|Any CPU.Build.0 = Debug|Any CPU
		{E1A09846-4D97-4F9D-B633-7841A9D33CE0}.Release|Any CPU.ActiveCfg = Release|Any CPU
		{E1A09846-4D97-4F9D-B633-7841A9D33CE0}.Release|Any CPU.Build.0 = Release|Any CPU
		{98093B19-CAC2-48AC-AD00-AE244787D200}.Debug|Any CPU.ActiveCfg = Debug|Any CPU
		{98093B19-CAC2-48AC-AD00-AE244787D200}.Debug|Any CPU.Build.0 = Debug|Any CPU
		{98093B19-CAC2-48AC-AD00-AE244787D200}.Release|Any CPU.ActiveCfg = Release|Any CPU
		{98093B19-CAC2-48AC-AD00-AE244787D200}.Release|Any CPU.Build.0 = Release|Any CPU
		{AF1CD852-E012-4036-B154-A8ABBA1F149A}.Debug|Any CPU.ActiveCfg = Debug|Any CPU
		{AF1CD852-E012-4036-B154-A8ABBA1F149A}.Debug|Any CPU.Build.0 = Debug|Any CPU
		{AF1CD852-E012-4036-B154-A8ABBA1F149A}.Release|Any CPU.ActiveCfg = Release|Any CPU
		{AF1CD852-E012-4036-B154-A8ABBA1F149A}.Release|Any CPU.Build.0 = Release|Any CPU
		{A806EE8A-2E27-4300-8E5F-00DE57357F72}.Debug|Any CPU.ActiveCfg = Debug|Any CPU
		{A806EE8A-2E27-4300-8E5F-00DE57357F72}.Debug|Any CPU.Build.0 = Debug|Any CPU
		{A806EE8A-2E27-4300-8E5F-00DE57357F72}.Release|Any CPU.ActiveCfg = Release|Any CPU
		{A806EE8A-2E27-4300-8E5F-00DE57357F72}.Release|Any CPU.Build.0 = Release|Any CPU
		{74A5AE34-981D-47FC-B8D7-714ADCC960A4}.Debug|Any CPU.ActiveCfg = Debug|Any CPU
		{74A5AE34-981D-47FC-B8D7-714ADCC960A4}.Debug|Any CPU.Build.0 = Debug|Any CPU
		{74A5AE34-981D-47FC-B8D7-714ADCC960A4}.Release|Any CPU.ActiveCfg = Release|Any CPU
		{74A5AE34-981D-47FC-B8D7-714ADCC960A4}.Release|Any CPU.Build.0 = Release|Any CPU
		{1656AA68-7F83-4938-B44B-1A9FDE254BB0}.Debug|Any CPU.ActiveCfg = Debug|Any CPU
		{1656AA68-7F83-4938-B44B-1A9FDE254BB0}.Debug|Any CPU.Build.0 = Debug|Any CPU
		{1656AA68-7F83-4938-B44B-1A9FDE254BB0}.Release|Any CPU.ActiveCfg = Release|Any CPU
		{1656AA68-7F83-4938-B44B-1A9FDE254BB0}.Release|Any CPU.Build.0 = Release|Any CPU
		{92A5A3AC-C18C-48F0-9D5A-C6959752DBD7}.Debug|Any CPU.ActiveCfg = Debug|Any CPU
		{92A5A3AC-C18C-48F0-9D5A-C6959752DBD7}.Debug|Any CPU.Build.0 = Debug|Any CPU
		{92A5A3AC-C18C-48F0-9D5A-C6959752DBD7}.Release|Any CPU.ActiveCfg = Release|Any CPU
		{92A5A3AC-C18C-48F0-9D5A-C6959752DBD7}.Release|Any CPU.Build.0 = Release|Any CPU
		{23544E3F-9595-48ED-9D6A-5473B945060C}.Debug|Any CPU.ActiveCfg = Debug|Any CPU
		{23544E3F-9595-48ED-9D6A-5473B945060C}.Debug|Any CPU.Build.0 = Debug|Any CPU
		{23544E3F-9595-48ED-9D6A-5473B945060C}.Release|Any CPU.ActiveCfg = Release|Any CPU
		{23544E3F-9595-48ED-9D6A-5473B945060C}.Release|Any CPU.Build.0 = Release|Any CPU
		{8D607270-E122-4F50-B97A-4736C96002E2}.Debug|Any CPU.ActiveCfg = Debug|Any CPU
		{8D607270-E122-4F50-B97A-4736C96002E2}.Debug|Any CPU.Build.0 = Debug|Any CPU
		{8D607270-E122-4F50-B97A-4736C96002E2}.Release|Any CPU.ActiveCfg = Release|Any CPU
		{8D607270-E122-4F50-B97A-4736C96002E2}.Release|Any CPU.Build.0 = Release|Any CPU
		{9866C596-7C65-4910-9FBA-C1894131FAD7}.Debug|Any CPU.ActiveCfg = Debug|Any CPU
		{9866C596-7C65-4910-9FBA-C1894131FAD7}.Debug|Any CPU.Build.0 = Debug|Any CPU
		{9866C596-7C65-4910-9FBA-C1894131FAD7}.Release|Any CPU.ActiveCfg = Release|Any CPU
		{9866C596-7C65-4910-9FBA-C1894131FAD7}.Release|Any CPU.Build.0 = Release|Any CPU
		{7A37CD13-8A09-43FC-950A-7073B1AF634D}.Debug|Any CPU.ActiveCfg = Debug|Any CPU
		{7A37CD13-8A09-43FC-950A-7073B1AF634D}.Debug|Any CPU.Build.0 = Debug|Any CPU
		{7A37CD13-8A09-43FC-950A-7073B1AF634D}.Release|Any CPU.ActiveCfg = Release|Any CPU
		{7A37CD13-8A09-43FC-950A-7073B1AF634D}.Release|Any CPU.Build.0 = Release|Any CPU
		{DE7F7A92-8870-488E-8498-99128F6A66DB}.Debug|Any CPU.ActiveCfg = Debug|Any CPU
		{DE7F7A92-8870-488E-8498-99128F6A66DB}.Debug|Any CPU.Build.0 = Debug|Any CPU
		{DE7F7A92-8870-488E-8498-99128F6A66DB}.Release|Any CPU.ActiveCfg = Release|Any CPU
		{DE7F7A92-8870-488E-8498-99128F6A66DB}.Release|Any CPU.Build.0 = Release|Any CPU
		{708C028A-EF9D-4EC5-98F8-479E48B31B74}.Debug|Any CPU.ActiveCfg = Debug|Any CPU
		{708C028A-EF9D-4EC5-98F8-479E48B31B74}.Debug|Any CPU.Build.0 = Debug|Any CPU
		{708C028A-EF9D-4EC5-98F8-479E48B31B74}.Release|Any CPU.ActiveCfg = Release|Any CPU
		{708C028A-EF9D-4EC5-98F8-479E48B31B74}.Release|Any CPU.Build.0 = Release|Any CPU
		{24C9BCDE-56AE-45D8-BE31-BAD8168B57FA}.Debug|Any CPU.ActiveCfg = Debug|Any CPU
		{24C9BCDE-56AE-45D8-BE31-BAD8168B57FA}.Debug|Any CPU.Build.0 = Debug|Any CPU
		{24C9BCDE-56AE-45D8-BE31-BAD8168B57FA}.Release|Any CPU.ActiveCfg = Release|Any CPU
		{24C9BCDE-56AE-45D8-BE31-BAD8168B57FA}.Release|Any CPU.Build.0 = Release|Any CPU
		{BF3DD273-F395-4C83-ABF3-DB821092752D}.Debug|Any CPU.ActiveCfg = Debug|Any CPU
		{BF3DD273-F395-4C83-ABF3-DB821092752D}.Debug|Any CPU.Build.0 = Debug|Any CPU
		{BF3DD273-F395-4C83-ABF3-DB821092752D}.Release|Any CPU.ActiveCfg = Release|Any CPU
		{BF3DD273-F395-4C83-ABF3-DB821092752D}.Release|Any CPU.Build.0 = Release|Any CPU
		{0C80C5DB-C983-45DF-A9E0-50B463F683ED}.Debug|Any CPU.ActiveCfg = Debug|Any CPU
		{0C80C5DB-C983-45DF-A9E0-50B463F683ED}.Debug|Any CPU.Build.0 = Debug|Any CPU
		{0C80C5DB-C983-45DF-A9E0-50B463F683ED}.Release|Any CPU.ActiveCfg = Release|Any CPU
		{0C80C5DB-C983-45DF-A9E0-50B463F683ED}.Release|Any CPU.Build.0 = Release|Any CPU
		{B2DF0913-93F3-4996-BB12-061CBEC2E988}.Debug|Any CPU.ActiveCfg = Debug|Any CPU
		{B2DF0913-93F3-4996-BB12-061CBEC2E988}.Debug|Any CPU.Build.0 = Debug|Any CPU
		{B2DF0913-93F3-4996-BB12-061CBEC2E988}.Release|Any CPU.ActiveCfg = Release|Any CPU
		{B2DF0913-93F3-4996-BB12-061CBEC2E988}.Release|Any CPU.Build.0 = Release|Any CPU
		{5BC82BF6-781E-4099-84A5-0BE9BB786F6C}.Debug|Any CPU.ActiveCfg = Debug|Any CPU
		{5BC82BF6-781E-4099-84A5-0BE9BB786F6C}.Debug|Any CPU.Build.0 = Debug|Any CPU
		{5BC82BF6-781E-4099-84A5-0BE9BB786F6C}.Release|Any CPU.ActiveCfg = Release|Any CPU
		{5BC82BF6-781E-4099-84A5-0BE9BB786F6C}.Release|Any CPU.Build.0 = Release|Any CPU
		{78CDBBE8-D668-3640-5389-A0FE00F94F27}.Debug|Any CPU.ActiveCfg = Debug|Any CPU
		{78CDBBE8-D668-3640-5389-A0FE00F94F27}.Debug|Any CPU.Build.0 = Debug|Any CPU
		{78CDBBE8-D668-3640-5389-A0FE00F94F27}.Release|Any CPU.ActiveCfg = Release|Any CPU
		{78CDBBE8-D668-3640-5389-A0FE00F94F27}.Release|Any CPU.Build.0 = Release|Any CPU
		{D19006D3-043E-C66D-9A0E-D8F4B94CBBDD}.Debug|Any CPU.ActiveCfg = Debug|Any CPU
		{D19006D3-043E-C66D-9A0E-D8F4B94CBBDD}.Debug|Any CPU.Build.0 = Debug|Any CPU
		{D19006D3-043E-C66D-9A0E-D8F4B94CBBDD}.Release|Any CPU.ActiveCfg = Release|Any CPU
		{D19006D3-043E-C66D-9A0E-D8F4B94CBBDD}.Release|Any CPU.Build.0 = Release|Any CPU
		{B628A57B-0091-F647-40E0-C488D421C705}.Debug|Any CPU.ActiveCfg = Debug|Any CPU
		{B628A57B-0091-F647-40E0-C488D421C705}.Debug|Any CPU.Build.0 = Debug|Any CPU
		{B628A57B-0091-F647-40E0-C488D421C705}.Release|Any CPU.ActiveCfg = Release|Any CPU
		{B628A57B-0091-F647-40E0-C488D421C705}.Release|Any CPU.Build.0 = Release|Any CPU
		{0EFF7E8B-8904-83FE-BE37-AB1560B69186}.Debug|Any CPU.ActiveCfg = Debug|Any CPU
		{0EFF7E8B-8904-83FE-BE37-AB1560B69186}.Debug|Any CPU.Build.0 = Debug|Any CPU
		{0EFF7E8B-8904-83FE-BE37-AB1560B69186}.Release|Any CPU.ActiveCfg = Release|Any CPU
		{0EFF7E8B-8904-83FE-BE37-AB1560B69186}.Release|Any CPU.Build.0 = Release|Any CPU
		{3890FA46-198D-07D5-BA67-6DFEBEE405DF}.Debug|Any CPU.ActiveCfg = Debug|Any CPU
		{3890FA46-198D-07D5-BA67-6DFEBEE405DF}.Debug|Any CPU.Build.0 = Debug|Any CPU
		{3890FA46-198D-07D5-BA67-6DFEBEE405DF}.Release|Any CPU.ActiveCfg = Release|Any CPU
		{3890FA46-198D-07D5-BA67-6DFEBEE405DF}.Release|Any CPU.Build.0 = Release|Any CPU
		{FD27419C-AF82-4838-811C-E525ADA6DC17}.Debug|Any CPU.ActiveCfg = Debug|Any CPU
		{FD27419C-AF82-4838-811C-E525ADA6DC17}.Debug|Any CPU.Build.0 = Debug|Any CPU
		{FD27419C-AF82-4838-811C-E525ADA6DC17}.Release|Any CPU.ActiveCfg = Release|Any CPU
		{FD27419C-AF82-4838-811C-E525ADA6DC17}.Release|Any CPU.Build.0 = Release|Any CPU
		{3AD22868-969E-4F02-A1E7-F0C8B2118710}.Debug|Any CPU.ActiveCfg = Debug|Any CPU
		{3AD22868-969E-4F02-A1E7-F0C8B2118710}.Debug|Any CPU.Build.0 = Debug|Any CPU
		{3AD22868-969E-4F02-A1E7-F0C8B2118710}.Release|Any CPU.ActiveCfg = Release|Any CPU
		{3AD22868-969E-4F02-A1E7-F0C8B2118710}.Release|Any CPU.Build.0 = Release|Any CPU
		{F3BFB0A6-5586-08B8-EC87-9EDC37387D73}.Debug|Any CPU.ActiveCfg = Debug|Any CPU
		{F3BFB0A6-5586-08B8-EC87-9EDC37387D73}.Debug|Any CPU.Build.0 = Debug|Any CPU
		{F3BFB0A6-5586-08B8-EC87-9EDC37387D73}.Release|Any CPU.ActiveCfg = Release|Any CPU
		{F3BFB0A6-5586-08B8-EC87-9EDC37387D73}.Release|Any CPU.Build.0 = Release|Any CPU
		{F1B3335E-11BB-417C-BDB9-DD77907CD71D}.Debug|Any CPU.ActiveCfg = Debug|Any CPU
		{F1B3335E-11BB-417C-BDB9-DD77907CD71D}.Debug|Any CPU.Build.0 = Debug|Any CPU
		{F1B3335E-11BB-417C-BDB9-DD77907CD71D}.Release|Any CPU.ActiveCfg = Release|Any CPU
		{F1B3335E-11BB-417C-BDB9-DD77907CD71D}.Release|Any CPU.Build.0 = Release|Any CPU
	EndGlobalSection
	GlobalSection(SolutionProperties) = preSolution
		HideSolutionNode = FALSE
	EndGlobalSection
	GlobalSection(NestedProjects) = preSolution
		{CD419029-495C-41FF-9C8D-0CC3A93AC72D} = {16693784-7251-42F1-93AD-A76EE8EFA464}
		{8A5C92FB-2BF9-4B75-A935-B4F8086F90A4} = {DF089BDD-418A-4947-8B77-C7B2D4A6F0FC}
		{02EA681E-C7D8-13C7-8484-4AC65E1B71E8} = {EDBBCF25-BF8F-4284-9623-42980295C8FA}
		{19AFB392-FF97-4476-8922-95CD1F2FEE68} = {EDBBCF25-BF8F-4284-9623-42980295C8FA}
		{618F7481-1172-441A-83DD-B92AD06EA545} = {19AFB392-FF97-4476-8922-95CD1F2FEE68}
		{20C002D9-69AD-42B7-9F02-223D38A83B7E} = {19AFB392-FF97-4476-8922-95CD1F2FEE68}
		{52065A36-C8E5-44A1-B7B7-ABDD58094C19} = {19AFB392-FF97-4476-8922-95CD1F2FEE68}
		{FEE95641-ED4C-427D-9C2C-97A0A1C1B09D} = {19AFB392-FF97-4476-8922-95CD1F2FEE68}
		{D70C4E79-5A63-4025-86A6-C5C43DDC7BA3} = {19AFB392-FF97-4476-8922-95CD1F2FEE68}
		{2D176CAF-30F7-4586-8220-D0B0B1E4AB6B} = {EDBBCF25-BF8F-4284-9623-42980295C8FA}
		{713F457C-077C-4DDA-BDA1-93B8D5081AC3} = {2D176CAF-30F7-4586-8220-D0B0B1E4AB6B}
		{6EFD2AD8-A6A5-4CD2-BE9C-44BC8E6FA87A} = {2D176CAF-30F7-4586-8220-D0B0B1E4AB6B}
		{93783377-3C81-4F35-A960-7E84A6ECFAC4} = {2D176CAF-30F7-4586-8220-D0B0B1E4AB6B}
		{D8ABF890-7B08-43BA-8629-7C582CD38756} = {2D176CAF-30F7-4586-8220-D0B0B1E4AB6B}
		{063BE747-5A1C-47D2-85A3-C6AFA93E6E40} = {2D176CAF-30F7-4586-8220-D0B0B1E4AB6B}
		{FF458B80-9CF8-4FE0-B717-6C6CC3F074C8} = {EDBBCF25-BF8F-4284-9623-42980295C8FA}
		{89F8B0A6-A52B-4997-839B-E4D966684766} = {FF458B80-9CF8-4FE0-B717-6C6CC3F074C8}
		{2B3AD9AE-5E41-4472-BB73-3D1F39C3F453} = {FF458B80-9CF8-4FE0-B717-6C6CC3F074C8}
		{2C122432-E99A-4D46-847A-C351F06EE106} = {FF458B80-9CF8-4FE0-B717-6C6CC3F074C8}
		{D094572D-0DA2-4C3B-9FAC-B811357A0979} = {FF458B80-9CF8-4FE0-B717-6C6CC3F074C8}
		{06C5D224-FFCB-4750-8F78-7921300939CD} = {FF458B80-9CF8-4FE0-B717-6C6CC3F074C8}
		{F486DB92-7744-40AE-862F-DC30456593D3} = {EDBBCF25-BF8F-4284-9623-42980295C8FA}
		{A0AF7CB6-9C96-4142-9751-9A7EE807B1E6} = {F486DB92-7744-40AE-862F-DC30456593D3}
		{4A52B903-E634-484B-89BE-6DAEAC6429BC} = {F486DB92-7744-40AE-862F-DC30456593D3}
		{E1A09846-4D97-4F9D-B633-7841A9D33CE0} = {F486DB92-7744-40AE-862F-DC30456593D3}
		{98093B19-CAC2-48AC-AD00-AE244787D200} = {F486DB92-7744-40AE-862F-DC30456593D3}
		{AF1CD852-E012-4036-B154-A8ABBA1F149A} = {F486DB92-7744-40AE-862F-DC30456593D3}
		{8966DC37-979E-4244-BFB1-C9FE1142D7B8} = {EDBBCF25-BF8F-4284-9623-42980295C8FA}
		{A806EE8A-2E27-4300-8E5F-00DE57357F72} = {8966DC37-979E-4244-BFB1-C9FE1142D7B8}
		{74A5AE34-981D-47FC-B8D7-714ADCC960A4} = {8966DC37-979E-4244-BFB1-C9FE1142D7B8}
		{1656AA68-7F83-4938-B44B-1A9FDE254BB0} = {8966DC37-979E-4244-BFB1-C9FE1142D7B8}
		{92A5A3AC-C18C-48F0-9D5A-C6959752DBD7} = {8966DC37-979E-4244-BFB1-C9FE1142D7B8}
		{23544E3F-9595-48ED-9D6A-5473B945060C} = {8966DC37-979E-4244-BFB1-C9FE1142D7B8}
		{2E19D43A-0399-4B23-963B-C53EA6440D66} = {EDBBCF25-BF8F-4284-9623-42980295C8FA}
		{8D607270-E122-4F50-B97A-4736C96002E2} = {2E19D43A-0399-4B23-963B-C53EA6440D66}
		{9866C596-7C65-4910-9FBA-C1894131FAD7} = {2E19D43A-0399-4B23-963B-C53EA6440D66}
		{7A37CD13-8A09-43FC-950A-7073B1AF634D} = {2E19D43A-0399-4B23-963B-C53EA6440D66}
		{DE7F7A92-8870-488E-8498-99128F6A66DB} = {2E19D43A-0399-4B23-963B-C53EA6440D66}
		{708C028A-EF9D-4EC5-98F8-479E48B31B74} = {2E19D43A-0399-4B23-963B-C53EA6440D66}
		{9F6157B1-4D7A-4111-B080-7016C78E4AB4} = {EDBBCF25-BF8F-4284-9623-42980295C8FA}
		{24C9BCDE-56AE-45D8-BE31-BAD8168B57FA} = {9F6157B1-4D7A-4111-B080-7016C78E4AB4}
		{BF3DD273-F395-4C83-ABF3-DB821092752D} = {9F6157B1-4D7A-4111-B080-7016C78E4AB4}
		{0C80C5DB-C983-45DF-A9E0-50B463F683ED} = {9F6157B1-4D7A-4111-B080-7016C78E4AB4}
		{B2DF0913-93F3-4996-BB12-061CBEC2E988} = {9F6157B1-4D7A-4111-B080-7016C78E4AB4}
		{5BC82BF6-781E-4099-84A5-0BE9BB786F6C} = {9F6157B1-4D7A-4111-B080-7016C78E4AB4}
		{78CDBBE8-D668-3640-5389-A0FE00F94F27} = {02EA681E-C7D8-13C7-8484-4AC65E1B71E8}
		{D19006D3-043E-C66D-9A0E-D8F4B94CBBDD} = {02EA681E-C7D8-13C7-8484-4AC65E1B71E8}
		{B628A57B-0091-F647-40E0-C488D421C705} = {02EA681E-C7D8-13C7-8484-4AC65E1B71E8}
		{0EFF7E8B-8904-83FE-BE37-AB1560B69186} = {02EA681E-C7D8-13C7-8484-4AC65E1B71E8}
		{3890FA46-198D-07D5-BA67-6DFEBEE405DF} = {02EA681E-C7D8-13C7-8484-4AC65E1B71E8}
		{D3E61025-16E2-41D9-9414-B65CD2790FF0} = {EDBBCF25-BF8F-4284-9623-42980295C8FA}
		{FD27419C-AF82-4838-811C-E525ADA6DC17} = {D3E61025-16E2-41D9-9414-B65CD2790FF0}
		{3AD22868-969E-4F02-A1E7-F0C8B2118710} = {DF089BDD-418A-4947-8B77-C7B2D4A6F0FC}
		{F3BFB0A6-5586-08B8-EC87-9EDC37387D73} = {DF089BDD-418A-4947-8B77-C7B2D4A6F0FC}
		{F1B3335E-11BB-417C-BDB9-DD77907CD71D} = {DF089BDD-418A-4947-8B77-C7B2D4A6F0FC}
	EndGlobalSection
	GlobalSection(ExtensibilityGlobals) = postSolution
		SolutionGuid = {4EC7B9B1-9403-4891-8D24-BD5E5ECDD3D7}
	EndGlobalSection
EndGlobal
